
Microsoft Visual Studio Solution File, Format Version 12.00
# Visual Studio Version 16
VisualStudioVersion = 25.0.1706.11
MinimumVisualStudioVersion = 10.0.40219.1
Project("{FAE04EC0-301F-11D3-BF4B-00C04F79EFBC}") = "Mediator", "Mediator.csproj", "{5A81C511-E5B7-4973-8CA4-83D2A85806B9}"
EndProject
Global
	GlobalSection(SolutionConfigurationPlatforms) = preSolution
		Debug|Any CPU = Debug|Any CPU
		Release|Any CPU = Release|Any CPU
	EndGlobalSection
	GlobalSection(ProjectConfigurationPlatforms) = postSolution
		{5A81C511-E5B7-4973-8CA4-83D2A85806B9}.Debug|Any CPU.ActiveCfg = Debug|Any CPU
		{5A81C511-E5B7-4973-8CA4-83D2A85806B9}.Debug|Any CPU.Build.0 = Debug|Any CPU
		{5A81C511-E5B7-4973-8CA4-83D2A85806B9}.Release|Any CPU.ActiveCfg = Release|Any CPU
		{5A81C511-E5B7-4973-8CA4-83D2A85806B9}.Release|Any CPU.Build.0 = Release|Any CPU
	EndGlobalSection
	GlobalSection(SolutionProperties) = preSolution
		HideSolutionNode = FALSE
	EndGlobalSection
	GlobalSection(ExtensibilityGlobals) = postSolution
		SolutionGuid = {8E6F93BC-2DA6-4D74-9218-6BAB483D03AE}
	EndGlobalSection
EndGlobal
