
Microsoft Visual Studio Solution File, Format Version 12.00
# Visual Studio Version 17
VisualStudioVersion = 17.10.34916.146
MinimumVisualStudioVersion = 10.0.40219.1
Project("{9A19103F-16F7-4668-BE54-9A1E7A4F7556}") = "NeighbourComplaintRegistrationSystem", "NeighbourComplaintRegistrationSystem\NeighbourComplaintRegistrationSystem.csproj", "{1B3DD308-72E3-4FE9-87AB-31909C055FE5}"
EndProject
Project("{00D1A9C2-B5F0-4AF3-8072-F6C62B433612}") = "NCRS_Data", "NCRS_Data\NCRS_Data.sqlproj", "{3ABB2DA6-5EB8-4AC2-A6F4-88DBDDFEEF27}"
EndProject
Global
	GlobalSection(SolutionConfigurationPlatforms) = preSolution
		Debug|Any CPU = Debug|Any CPU
		Release|Any CPU = Release|Any CPU
	EndGlobalSection
	GlobalSection(ProjectConfigurationPlatforms) = postSolution
		{1B3DD308-72E3-4FE9-87AB-31909C055FE5}.Debug|Any CPU.ActiveCfg = Debug|Any CPU
		{1B3DD308-72E3-4FE9-87AB-31909C055FE5}.Debug|Any CPU.Build.0 = Debug|Any CPU
		{1B3DD308-72E3-4FE9-87AB-31909C055FE5}.Release|Any CPU.ActiveCfg = Release|Any CPU
		{1B3DD308-72E3-4FE9-87AB-31909C055FE5}.Release|Any CPU.Build.0 = Release|Any CPU
		{3ABB2DA6-5EB8-4AC2-A6F4-88DBDDFEEF27}.Debug|Any CPU.ActiveCfg = Debug|Any CPU
		{3ABB2DA6-5EB8-4AC2-A6F4-88DBDDFEEF27}.Debug|Any CPU.Build.0 = Debug|Any CPU
		{3ABB2DA6-5EB8-4AC2-A6F4-88DBDDFEEF27}.Debug|Any CPU.Deploy.0 = Debug|Any CPU
		{3ABB2DA6-5EB8-4AC2-A6F4-88DBDDFEEF27}.Release|Any CPU.ActiveCfg = Release|Any CPU
		{3ABB2DA6-5EB8-4AC2-A6F4-88DBDDFEEF27}.Release|Any CPU.Build.0 = Release|Any CPU
		{3ABB2DA6-5EB8-4AC2-A6F4-88DBDDFEEF27}.Release|Any CPU.Deploy.0 = Release|Any CPU
	EndGlobalSection
	GlobalSection(SolutionProperties) = preSolution
		HideSolutionNode = FALSE
	EndGlobalSection
	GlobalSection(ExtensibilityGlobals) = postSolution
		SolutionGuid = {A3B37B02-2AAD-4282-A547-DF92C94964D0}
	EndGlobalSection
EndGlobal
