
Microsoft Visual Studio Solution File, Format Version 12.00
# Visual Studio Version 17
VisualStudioVersion = 17.9.34728.123
MinimumVisualStudioVersion = 10.0.40219.1
Project("{FAE04EC0-301F-11D3-BF4B-00C04F79EFBC}") = "exercism Floating Numbers", "exercism Floating Numbers\exercism Floating Numbers.csproj", "{D2E77347-A364-4FBB-A490-E3D9D1DD306A}"
EndProject
Global
	GlobalSection(SolutionConfigurationPlatforms) = preSolution
		Debug|Any CPU = Debug|Any CPU
		Release|Any CPU = Release|Any CPU
	EndGlobalSection
	GlobalSection(ProjectConfigurationPlatforms) = postSolution
		{D2E77347-A364-4FBB-A490-E3D9D1DD306A}.Debug|Any CPU.ActiveCfg = Debug|Any CPU
		{D2E77347-A364-4FBB-A490-E3D9D1DD306A}.Debug|Any CPU.Build.0 = Debug|Any CPU
		{D2E77347-A364-4FBB-A490-E3D9D1DD306A}.Release|Any CPU.ActiveCfg = Release|Any CPU
		{D2E77347-A364-4FBB-A490-E3D9D1DD306A}.Release|Any CPU.Build.0 = Release|Any CPU
	EndGlobalSection
	GlobalSection(SolutionProperties) = preSolution
		HideSolutionNode = FALSE
	EndGlobalSection
	GlobalSection(ExtensibilityGlobals) = postSolution
		SolutionGuid = {5F2687E5-4FC1-4302-8C09-7A58C2BDDC0D}
	EndGlobalSection
EndGlobal
